
Microsoft Visual Studio Solution File, Format Version 12.00
# Visual Studio Version 16
VisualStudioVersion = 16.0.34114.132
MinimumVisualStudioVersion = 10.0.40219.1
Project("{FAE04EC0-301F-11D3-BF4B-00C04F79EFBC}") = "final_report_website", "final_report_website\final_report_website.csproj", "{03A5449F-2C6A-4C59-A608-838184B75779}"
EndProject
Global
	GlobalSection(SolutionConfigurationPlatforms) = preSolution
		Debug|Any CPU = Debug|Any CPU
		Release|Any CPU = Release|Any CPU
	EndGlobalSection
	GlobalSection(ProjectConfigurationPlatforms) = postSolution
		{03A5449F-2C6A-4C59-A608-838184B75779}.Debug|Any CPU.ActiveCfg = Debug|Any CPU
		{03A5449F-2C6A-4C59-A608-838184B75779}.Debug|Any CPU.Build.0 = Debug|Any CPU
		{03A5449F-2C6A-4C59-A608-838184B75779}.Release|Any CPU.ActiveCfg = Release|Any CPU
		{03A5449F-2C6A-4C59-A608-838184B75779}.Release|Any CPU.Build.0 = Release|Any CPU
	EndGlobalSection
	GlobalSection(SolutionProperties) = preSolution
		HideSolutionNode = FALSE
	EndGlobalSection
	GlobalSection(ExtensibilityGlobals) = postSolution
		SolutionGuid = {4FACC086-ADB6-4F65-87A3-9C640D5C5754}
	EndGlobalSection
EndGlobal
